
Microsoft Visual Studio Solution File, Format Version 12.00
# Visual Studio 14
VisualStudioVersion = 14.0.25420.1
MinimumVisualStudioVersion = 10.0.40219.1
Project("{2150E333-8FDC-42A3-9474-1A3956D46DE8}") = "Solution Items", "Solution Items", "{B870A3AA-F067-4FF9-B771-EFEAF78CE793}"
	ProjectSection(SolutionItems) = preProject
		WebEssentials2015-Settings.json = WebEssentials2015-Settings.json
	EndProjectSection
EndProject
Project("{FAE04EC0-301F-11D3-BF4B-00C04F79EFBC}") = "UnitTestLib", "UnitTestLib\UnitTestLib.csproj", "{902DB036-A76F-4DD3-BAFC-D244207569D4}"
EndProject
Project("{FAE04EC0-301F-11D3-BF4B-00C04F79EFBC}") = "HexonetAPI", "HexonetAPI\HexonetAPI.csproj", "{1A53D90D-2370-4A47-8ACC-B6C533C0FD07}"
EndProject
Project("{FAE04EC0-301F-11D3-BF4B-00C04F79EFBC}") = "BusinessLogic", "BusinessLogic\BusinessLogic.csproj", "{49A8EB00-E4A4-4FBF-B967-5883399B539C}"
EndProject
Global
	GlobalSection(SolutionConfigurationPlatforms) = preSolution
		Debug|Any CPU = Debug|Any CPU
		Release|Any CPU = Release|Any CPU
	EndGlobalSection
	GlobalSection(ProjectConfigurationPlatforms) = postSolution
		{902DB036-A76F-4DD3-BAFC-D244207569D4}.Debug|Any CPU.ActiveCfg = Debug|Any CPU
		{902DB036-A76F-4DD3-BAFC-D244207569D4}.Debug|Any CPU.Build.0 = Debug|Any CPU
		{902DB036-A76F-4DD3-BAFC-D244207569D4}.Release|Any CPU.ActiveCfg = Release|Any CPU
		{902DB036-A76F-4DD3-BAFC-D244207569D4}.Release|Any CPU.Build.0 = Release|Any CPU
		{1A53D90D-2370-4A47-8ACC-B6C533C0FD07}.Debug|Any CPU.ActiveCfg = Debug|Any CPU
		{1A53D90D-2370-4A47-8ACC-B6C533C0FD07}.Debug|Any CPU.Build.0 = Debug|Any CPU
		{1A53D90D-2370-4A47-8ACC-B6C533C0FD07}.Release|Any CPU.ActiveCfg = Release|Any CPU
		{1A53D90D-2370-4A47-8ACC-B6C533C0FD07}.Release|Any CPU.Build.0 = Release|Any CPU
		{49A8EB00-E4A4-4FBF-B967-5883399B539C}.Debug|Any CPU.ActiveCfg = Debug|Any CPU
		{49A8EB00-E4A4-4FBF-B967-5883399B539C}.Debug|Any CPU.Build.0 = Debug|Any CPU
		{49A8EB00-E4A4-4FBF-B967-5883399B539C}.Release|Any CPU.ActiveCfg = Release|Any CPU
		{49A8EB00-E4A4-4FBF-B967-5883399B539C}.Release|Any CPU.Build.0 = Release|Any CPU
	EndGlobalSection
	GlobalSection(SolutionProperties) = preSolution
		HideSolutionNode = FALSE
	EndGlobalSection
	GlobalSection(ExtensibilityGlobals) = postSolution
		VisualSVNWorkingCopyRoot = .
	EndGlobalSection
EndGlobal
